// !$*UTF8*$!
{
	archiveVersion = 1;
	classes = {
	};
	objectVersion = 56;
	objects = {

/* Begin PBXBuildFile section */
		572252FA2ACDF21000807BE3 /* ModalViews.swift in Sources */ = {isa = PBXBuildFile; fileRef = 572252F92ACDF21000807BE3 /* ModalViews.swift */; };
		572252FC2ACDF47C00807BE3 /* NavigationAndBindingsChallenge.swift in Sources */ = {isa = PBXBuildFile; fileRef = 572252FB2ACDF47C00807BE3 /* NavigationAndBindingsChallenge.swift */; };
		572252FF2ACDF8EB00807BE3 /* FaveFlicks.swift in Sources */ = {isa = PBXBuildFile; fileRef = 572252FE2ACDF8EB00807BE3 /* FaveFlicks.swift */; };
		572253012ACDF90F00807BE3 /* GenrePicker.swift in Sources */ = {isa = PBXBuildFile; fileRef = 572253002ACDF90F00807BE3 /* GenrePicker.swift */; };
		572253052ACDF93700807BE3 /* AddMovie.swift in Sources */ = {isa = PBXBuildFile; fileRef = 572253042ACDF93700807BE3 /* AddMovie.swift */; };
		572253072ACDF95200807BE3 /* Movie.swift in Sources */ = {isa = PBXBuildFile; fileRef = 572253062ACDF95200807BE3 /* Movie.swift */; };
		572253092ACDF96C00807BE3 /* MovieList.swift in Sources */ = {isa = PBXBuildFile; fileRef = 572253082ACDF96C00807BE3 /* MovieList.swift */; };
		5722530B2ACDF98400807BE3 /* MovieRow.swift in Sources */ = {isa = PBXBuildFile; fileRef = 5722530A2ACDF98400807BE3 /* MovieRow.swift */; };
		5722530D2ACDF9A600807BE3 /* MovieStore.swift in Sources */ = {isa = PBXBuildFile; fileRef = 5722530C2ACDF9A600807BE3 /* MovieStore.swift */; };
		5722530F2ACDF9BF00807BE3 /* RatingView.swift in Sources */ = {isa = PBXBuildFile; fileRef = 5722530E2ACDF9BF00807BE3 /* RatingView.swift */; };
		572253112ACDF9DD00807BE3 /* UserStore.swift in Sources */ = {isa = PBXBuildFile; fileRef = 572253102ACDF9DD00807BE3 /* UserStore.swift */; };
		572253132ACDF9FC00807BE3 /* UserView.swift in Sources */ = {isa = PBXBuildFile; fileRef = 572253122ACDF9FC00807BE3 /* UserView.swift */; };
		57420A0D2ACDED7C00E27703 /* NavigationViews.swift in Sources */ = {isa = PBXBuildFile; fileRef = 57420A0C2ACDED7C00E27703 /* NavigationViews.swift */; };
		57420A0F2ACDEDB400E27703 /* LocationMap.swift in Sources */ = {isa = PBXBuildFile; fileRef = 57420A0E2ACDEDB400E27703 /* LocationMap.swift */; };
		57420A122ACDEDD700E27703 /* DetailView.swift in Sources */ = {isa = PBXBuildFile; fileRef = 57420A112ACDEDD700E27703 /* DetailView.swift */; };
		57420A142ACDEDFC00E27703 /* Artwork.swift in Sources */ = {isa = PBXBuildFile; fileRef = 57420A132ACDEDFC00E27703 /* Artwork.swift */; };
		57420A172ACDEF6600E27703 /* NavigationStacks.swift in Sources */ = {isa = PBXBuildFile; fileRef = 57420A162ACDEF6600E27703 /* NavigationStacks.swift */; };
		57F5CA432ACAF3FC0050C73C /* SwiftUI_FundamentalsApp.swift in Sources */ = {isa = PBXBuildFile; fileRef = 57F5CA422ACAF3FC0050C73C /* SwiftUI_FundamentalsApp.swift */; };
		57F5CA452ACAF3FC0050C73C /* ContentView.swift in Sources */ = {isa = PBXBuildFile; fileRef = 57F5CA442ACAF3FC0050C73C /* ContentView.swift */; };
		57F5CA472ACAF3FE0050C73C /* Assets.xcassets in Resources */ = {isa = PBXBuildFile; fileRef = 57F5CA462ACAF3FE0050C73C /* Assets.xcassets */; };
		57F5CA4A2ACAF3FE0050C73C /* Preview Assets.xcassets in Resources */ = {isa = PBXBuildFile; fileRef = 57F5CA492ACAF3FE0050C73C /* Preview Assets.xcassets */; };
		57F5CA512ACAF6D20050C73C /* ModifiersChallenge1.swift in Sources */ = {isa = PBXBuildFile; fileRef = 57F5CA502ACAF6D20050C73C /* ModifiersChallenge1.swift */; };
		57F5CA542ACAF8000050C73C /* ModifiersChallenge2.swift in Sources */ = {isa = PBXBuildFile; fileRef = 57F5CA532ACAF8000050C73C /* ModifiersChallenge2.swift */; };
		57F5CA572ACAFD310050C73C /* StateAndBinding.swift in Sources */ = {isa = PBXBuildFile; fileRef = 57F5CA562ACAFD310050C73C /* StateAndBinding.swift */; };
		57F5CA592ACB00630050C73C /* StateAndBindingChallenge.swift in Sources */ = {isa = PBXBuildFile; fileRef = 57F5CA582ACB00630050C73C /* StateAndBindingChallenge.swift */; };
		57F5CA5B2ACB03490050C73C /* Stacks.swift in Sources */ = {isa = PBXBuildFile; fileRef = 57F5CA5A2ACB03490050C73C /* Stacks.swift */; };
		57F5CA5D2ACB0B420050C73C /* RepeatViewsForEachList.swift in Sources */ = {isa = PBXBuildFile; fileRef = 57F5CA5C2ACB0B420050C73C /* RepeatViewsForEachList.swift */; };
		57F5CA602ACB0B8C0050C73C /* MeowMix.swift in Sources */ = {isa = PBXBuildFile; fileRef = 57F5CA5F2ACB0B8C0050C73C /* MeowMix.swift */; };
		57F5CA622ACB0BB50050C73C /* MeowMixHeader.swift in Sources */ = {isa = PBXBuildFile; fileRef = 57F5CA612ACB0BB50050C73C /* MeowMixHeader.swift */; };
		57F5CA642ACB112E0050C73C /* StacksChallenge.swift in Sources */ = {isa = PBXBuildFile; fileRef = 57F5CA632ACB112E0050C73C /* StacksChallenge.swift */; };
/* End PBXBuildFile section */

/* Begin PBXFileReference section */
		572252F92ACDF21000807BE3 /* ModalViews.swift */ = {isa = PBXFileReference; lastKnownFileType = sourcecode.swift; path = ModalViews.swift; sourceTree = "<group>"; };
		572252FB2ACDF47C00807BE3 /* NavigationAndBindingsChallenge.swift */ = {isa = PBXFileReference; lastKnownFileType = sourcecode.swift; path = NavigationAndBindingsChallenge.swift; sourceTree = "<group>"; };
		572252FE2ACDF8EB00807BE3 /* FaveFlicks.swift */ = {isa = PBXFileReference; lastKnownFileType = sourcecode.swift; path = FaveFlicks.swift; sourceTree = "<group>"; };
		572253002ACDF90F00807BE3 /* GenrePicker.swift */ = {isa = PBXFileReference; lastKnownFileType = sourcecode.swift; path = GenrePicker.swift; sourceTree = "<group>"; };
		572253042ACDF93700807BE3 /* AddMovie.swift */ = {isa = PBXFileReference; lastKnownFileType = sourcecode.swift; path = AddMovie.swift; sourceTree = "<group>"; };
		572253062ACDF95200807BE3 /* Movie.swift */ = {isa = PBXFileReference; lastKnownFileType = sourcecode.swift; path = Movie.swift; sourceTree = "<group>"; };
		572253082ACDF96C00807BE3 /* MovieList.swift */ = {isa = PBXFileReference; lastKnownFileType = sourcecode.swift; path = MovieList.swift; sourceTree = "<group>"; };
		5722530A2ACDF98400807BE3 /* MovieRow.swift */ = {isa = PBXFileReference; lastKnownFileType = sourcecode.swift; path = MovieRow.swift; sourceTree = "<group>"; };
		5722530C2ACDF9A600807BE3 /* MovieStore.swift */ = {isa = PBXFileReference; lastKnownFileType = sourcecode.swift; path = MovieStore.swift; sourceTree = "<group>"; };
		5722530E2ACDF9BF00807BE3 /* RatingView.swift */ = {isa = PBXFileReference; lastKnownFileType = sourcecode.swift; path = RatingView.swift; sourceTree = "<group>"; };
		572253102ACDF9DD00807BE3 /* UserStore.swift */ = {isa = PBXFileReference; lastKnownFileType = sourcecode.swift; path = UserStore.swift; sourceTree = "<group>"; };
		572253122ACDF9FC00807BE3 /* UserView.swift */ = {isa = PBXFileReference; lastKnownFileType = sourcecode.swift; path = UserView.swift; sourceTree = "<group>"; };
		57420A0C2ACDED7C00E27703 /* NavigationViews.swift */ = {isa = PBXFileReference; lastKnownFileType = sourcecode.swift; path = NavigationViews.swift; sourceTree = "<group>"; };
		57420A0E2ACDEDB400E27703 /* LocationMap.swift */ = {isa = PBXFileReference; lastKnownFileType = sourcecode.swift; path = LocationMap.swift; sourceTree = "<group>"; };
		57420A112ACDEDD700E27703 /* DetailView.swift */ = {isa = PBXFileReference; lastKnownFileType = sourcecode.swift; path = DetailView.swift; sourceTree = "<group>"; };
		57420A132ACDEDFC00E27703 /* Artwork.swift */ = {isa = PBXFileReference; lastKnownFileType = sourcecode.swift; path = Artwork.swift; sourceTree = "<group>"; };
		57420A162ACDEF6600E27703 /* NavigationStacks.swift */ = {isa = PBXFileReference; lastKnownFileType = sourcecode.swift; path = NavigationStacks.swift; sourceTree = "<group>"; };
		57F5CA3F2ACAF3FC0050C73C /* SwiftUI-Fundamentals.app */ = {isa = PBXFileReference; explicitFileType = wrapper.application; includeInIndex = 0; path = "SwiftUI-Fundamentals.app"; sourceTree = BUILT_PRODUCTS_DIR; };
		57F5CA422ACAF3FC0050C73C /* SwiftUI_FundamentalsApp.swift */ = {isa = PBXFileReference; lastKnownFileType = sourcecode.swift; path = SwiftUI_FundamentalsApp.swift; sourceTree = "<group>"; };
		57F5CA442ACAF3FC0050C73C /* ContentView.swift */ = {isa = PBXFileReference; lastKnownFileType = sourcecode.swift; path = ContentView.swift; sourceTree = "<group>"; };
		57F5CA462ACAF3FE0050C73C /* Assets.xcassets */ = {isa = PBXFileReference; lastKnownFileType = folder.assetcatalog; path = Assets.xcassets; sourceTree = "<group>"; };
		57F5CA492ACAF3FE0050C73C /* Preview Assets.xcassets */ = {isa = PBXFileReference; lastKnownFileType = folder.assetcatalog; path = "Preview Assets.xcassets"; sourceTree = "<group>"; };
		57F5CA502ACAF6D20050C73C /* ModifiersChallenge1.swift */ = {isa = PBXFileReference; lastKnownFileType = sourcecode.swift; path = ModifiersChallenge1.swift; sourceTree = "<group>"; };
		57F5CA532ACAF8000050C73C /* ModifiersChallenge2.swift */ = {isa = PBXFileReference; lastKnownFileType = sourcecode.swift; path = ModifiersChallenge2.swift; sourceTree = "<group>"; };
		57F5CA562ACAFD310050C73C /* StateAndBinding.swift */ = {isa = PBXFileReference; lastKnownFileType = sourcecode.swift; path = StateAndBinding.swift; sourceTree = "<group>"; };
		57F5CA582ACB00630050C73C /* StateAndBindingChallenge.swift */ = {isa = PBXFileReference; lastKnownFileType = sourcecode.swift; path = StateAndBindingChallenge.swift; sourceTree = "<group>"; };
		57F5CA5A2ACB03490050C73C /* Stacks.swift */ = {isa = PBXFileReference; lastKnownFileType = sourcecode.swift; path = Stacks.swift; sourceTree = "<group>"; };
		57F5CA5C2ACB0B420050C73C /* RepeatViewsForEachList.swift */ = {isa = PBXFileReference; lastKnownFileType = sourcecode.swift; path = RepeatViewsForEachList.swift; sourceTree = "<group>"; };
		57F5CA5F2ACB0B8C0050C73C /* MeowMix.swift */ = {isa = PBXFileReference; lastKnownFileType = sourcecode.swift; path = MeowMix.swift; sourceTree = "<group>"; };
		57F5CA612ACB0BB50050C73C /* MeowMixHeader.swift */ = {isa = PBXFileReference; lastKnownFileType = sourcecode.swift; path = MeowMixHeader.swift; sourceTree = "<group>"; };
		57F5CA632ACB112E0050C73C /* StacksChallenge.swift */ = {isa = PBXFileReference; lastKnownFileType = sourcecode.swift; path = StacksChallenge.swift; sourceTree = "<group>"; };
/* End PBXFileReference section */

/* Begin PBXFrameworksBuildPhase section */
		57F5CA3C2ACAF3FC0050C73C /* Frameworks */ = {
			isa = PBXFrameworksBuildPhase;
			buildActionMask = 2147483647;
			files = (
			);
			runOnlyForDeploymentPostprocessing = 0;
		};
/* End PBXFrameworksBuildPhase section */

/* Begin PBXGroup section */
		572252FD2ACDF8B300807BE3 /* StateAndStateObjects */ = {
			isa = PBXGroup;
			children = (
				572253032ACDF92400807BE3 /* User */,
				572253022ACDF91A00807BE3 /* Movie */,
				572252FE2ACDF8EB00807BE3 /* FaveFlicks.swift */,
				572253002ACDF90F00807BE3 /* GenrePicker.swift */,
			);
			path = StateAndStateObjects;
			sourceTree = "<group>";
		};
		572253022ACDF91A00807BE3 /* Movie */ = {
			isa = PBXGroup;
			children = (
				572253042ACDF93700807BE3 /* AddMovie.swift */,
				572253062ACDF95200807BE3 /* Movie.swift */,
				572253082ACDF96C00807BE3 /* MovieList.swift */,
				5722530A2ACDF98400807BE3 /* MovieRow.swift */,
				5722530C2ACDF9A600807BE3 /* MovieStore.swift */,
				5722530E2ACDF9BF00807BE3 /* RatingView.swift */,
			);
			path = Movie;
			sourceTree = "<group>";
		};
		572253032ACDF92400807BE3 /* User */ = {
			isa = PBXGroup;
			children = (
				572253102ACDF9DD00807BE3 /* UserStore.swift */,
				572253122ACDF9FC00807BE3 /* UserView.swift */,
			);
			path = User;
			sourceTree = "<group>";
		};
		57420A0B2ACDED6900E27703 /* NavigationViews */ = {
			isa = PBXGroup;
			children = (
				57420A0C2ACDED7C00E27703 /* NavigationViews.swift */,
				57420A0E2ACDEDB400E27703 /* LocationMap.swift */,
				57420A112ACDEDD700E27703 /* DetailView.swift */,
				57420A132ACDEDFC00E27703 /* Artwork.swift */,
			);
			path = NavigationViews;
			sourceTree = "<group>";
		};
		57420A152ACDEF2C00E27703 /* NavigationStack */ = {
			isa = PBXGroup;
			children = (
				57420A162ACDEF6600E27703 /* NavigationStacks.swift */,
			);
			path = NavigationStack;
			sourceTree = "<group>";
		};
		57F5CA362ACAF3FC0050C73C = {
			isa = PBXGroup;
			children = (
				57F5CA412ACAF3FC0050C73C /* SwiftUI-Fundamentals */,
				57F5CA402ACAF3FC0050C73C /* Products */,
			);
			sourceTree = "<group>";
		};
		57F5CA402ACAF3FC0050C73C /* Products */ = {
			isa = PBXGroup;
			children = (
				57F5CA3F2ACAF3FC0050C73C /* SwiftUI-Fundamentals.app */,
			);
			name = Products;
			sourceTree = "<group>";
		};
		57F5CA412ACAF3FC0050C73C /* SwiftUI-Fundamentals */ = {
			isa = PBXGroup;
			children = (
				57F5CA552ACAFD110050C73C /* Learn */,
				57F5CA522ACAF6E20050C73C /* Challenges */,
				57F5CA422ACAF3FC0050C73C /* SwiftUI_FundamentalsApp.swift */,
				57F5CA442ACAF3FC0050C73C /* ContentView.swift */,
				57F5CA462ACAF3FE0050C73C /* Assets.xcassets */,
				57F5CA482ACAF3FE0050C73C /* Preview Content */,
			);
			path = "SwiftUI-Fundamentals";
			sourceTree = "<group>";
		};
		57F5CA482ACAF3FE0050C73C /* Preview Content */ = {
			isa = PBXGroup;
			children = (
				57F5CA492ACAF3FE0050C73C /* Preview Assets.xcassets */,
			);
			path = "Preview Content";
			sourceTree = "<group>";
		};
		57F5CA522ACAF6E20050C73C /* Challenges */ = {
			isa = PBXGroup;
			children = (
				57F5CA502ACAF6D20050C73C /* ModifiersChallenge1.swift */,
				57F5CA532ACAF8000050C73C /* ModifiersChallenge2.swift */,
				57F5CA582ACB00630050C73C /* StateAndBindingChallenge.swift */,
				57F5CA632ACB112E0050C73C /* StacksChallenge.swift */,
				572252FB2ACDF47C00807BE3 /* NavigationAndBindingsChallenge.swift */,
			);
			path = Challenges;
			sourceTree = "<group>";
		};
		57F5CA552ACAFD110050C73C /* Learn */ = {
			isa = PBXGroup;
			children = (
				57F5CA562ACAFD310050C73C /* StateAndBinding.swift */,
				57F5CA5A2ACB03490050C73C /* Stacks.swift */,
				57F5CA5E2ACB0B650050C73C /* RepeatViewsForEachList */,
				57420A0B2ACDED6900E27703 /* NavigationViews */,
				57420A152ACDEF2C00E27703 /* NavigationStack */,
				572252F92ACDF21000807BE3 /* ModalViews.swift */,
				572252FD2ACDF8B300807BE3 /* StateAndStateObjects */,
			);
			path = Learn;
			sourceTree = "<group>";
		};
		57F5CA5E2ACB0B650050C73C /* RepeatViewsForEachList */ = {
			isa = PBXGroup;
			children = (
				57F5CA5C2ACB0B420050C73C /* RepeatViewsForEachList.swift */,
				57F5CA5F2ACB0B8C0050C73C /* MeowMix.swift */,
				57F5CA612ACB0BB50050C73C /* MeowMixHeader.swift */,
			);
			path = RepeatViewsForEachList;
			sourceTree = "<group>";
		};
/* End PBXGroup section */

/* Begin PBXNativeTarget section */
		57F5CA3E2ACAF3FC0050C73C /* SwiftUI-Fundamentals */ = {
			isa = PBXNativeTarget;
			buildConfigurationList = 57F5CA4D2ACAF3FE0050C73C /* Build configuration list for PBXNativeTarget "SwiftUI-Fundamentals" */;
			buildPhases = (
				57F5CA3B2ACAF3FC0050C73C /* Sources */,
				57F5CA3C2ACAF3FC0050C73C /* Frameworks */,
				57F5CA3D2ACAF3FC0050C73C /* Resources */,
			);
			buildRules = (
			);
			dependencies = (
			);
			name = "SwiftUI-Fundamentals";
			productName = "SwiftUI-Fundamentals";
			productReference = 57F5CA3F2ACAF3FC0050C73C /* SwiftUI-Fundamentals.app */;
			productType = "com.apple.product-type.application";
		};
/* End PBXNativeTarget section */

/* Begin PBXProject section */
		57F5CA372ACAF3FC0050C73C /* Project object */ = {
			isa = PBXProject;
			attributes = {
				BuildIndependentTargetsInParallel = 1;
				LastSwiftUpdateCheck = 1430;
				LastUpgradeCheck = 1500;
				TargetAttributes = {
					57F5CA3E2ACAF3FC0050C73C = {
						CreatedOnToolsVersion = 14.3.1;
					};
				};
			};
			buildConfigurationList = 57F5CA3A2ACAF3FC0050C73C /* Build configuration list for PBXProject "SwiftUI-Fundamentals" */;
			compatibilityVersion = "Xcode 14.0";
			developmentRegion = en;
			hasScannedForEncodings = 0;
			knownRegions = (
				en,
				Base,
			);
			mainGroup = 57F5CA362ACAF3FC0050C73C;
			productRefGroup = 57F5CA402ACAF3FC0050C73C /* Products */;
			projectDirPath = "";
			projectRoot = "";
			targets = (
				57F5CA3E2ACAF3FC0050C73C /* SwiftUI-Fundamentals */,
			);
		};
/* End PBXProject section */

/* Begin PBXResourcesBuildPhase section */
		57F5CA3D2ACAF3FC0050C73C /* Resources */ = {
			isa = PBXResourcesBuildPhase;
			buildActionMask = 2147483647;
			files = (
				57F5CA4A2ACAF3FE0050C73C /* Preview Assets.xcassets in Resources */,
				57F5CA472ACAF3FE0050C73C /* Assets.xcassets in Resources */,
			);
			runOnlyForDeploymentPostprocessing = 0;
		};
/* End PBXResourcesBuildPhase section */

/* Begin PBXSourcesBuildPhase section */
		57F5CA3B2ACAF3FC0050C73C /* Sources */ = {
			isa = PBXSourcesBuildPhase;
			buildActionMask = 2147483647;
			files = (
				572253072ACDF95200807BE3 /* Movie.swift in Sources */,
				5722530B2ACDF98400807BE3 /* MovieRow.swift in Sources */,
				572252FA2ACDF21000807BE3 /* ModalViews.swift in Sources */,
				57F5CA642ACB112E0050C73C /* StacksChallenge.swift in Sources */,
				572252FF2ACDF8EB00807BE3 /* FaveFlicks.swift in Sources */,
				57F5CA602ACB0B8C0050C73C /* MeowMix.swift in Sources */,
				57F5CA572ACAFD310050C73C /* StateAndBinding.swift in Sources */,
				5722530F2ACDF9BF00807BE3 /* RatingView.swift in Sources */,
				57420A122ACDEDD700E27703 /* DetailView.swift in Sources */,
				57F5CA452ACAF3FC0050C73C /* ContentView.swift in Sources */,
				5722530D2ACDF9A600807BE3 /* MovieStore.swift in Sources */,
				57F5CA5D2ACB0B420050C73C /* RepeatViewsForEachList.swift in Sources */,
				57420A172ACDEF6600E27703 /* NavigationStacks.swift in Sources */,
				57F5CA512ACAF6D20050C73C /* ModifiersChallenge1.swift in Sources */,
				57F5CA432ACAF3FC0050C73C /* SwiftUI_FundamentalsApp.swift in Sources */,
				572253112ACDF9DD00807BE3 /* UserStore.swift in Sources */,
				572253092ACDF96C00807BE3 /* MovieList.swift in Sources */,
				572253012ACDF90F00807BE3 /* GenrePicker.swift in Sources */,
				57F5CA5B2ACB03490050C73C /* Stacks.swift in Sources */,
				57F5CA542ACAF8000050C73C /* ModifiersChallenge2.swift in Sources */,
				57420A142ACDEDFC00E27703 /* Artwork.swift in Sources */,
				572252FC2ACDF47C00807BE3 /* NavigationAndBindingsChallenge.swift in Sources */,
				57F5CA592ACB00630050C73C /* StateAndBindingChallenge.swift in Sources */,
				57420A0D2ACDED7C00E27703 /* NavigationViews.swift in Sources */,
				57420A0F2ACDEDB400E27703 /* LocationMap.swift in Sources */,
				572253052ACDF93700807BE3 /* AddMovie.swift in Sources */,
				57F5CA622ACB0BB50050C73C /* MeowMixHeader.swift in Sources */,
				572253132ACDF9FC00807BE3 /* UserView.swift in Sources */,
			);
			runOnlyForDeploymentPostprocessing = 0;
		};
/* End PBXSourcesBuildPhase section */

/* Begin XCBuildConfiguration section */
		57F5CA4B2ACAF3FE0050C73C /* Debug */ = {
			isa = XCBuildConfiguration;
			buildSettings = {
				ALWAYS_SEARCH_USER_PATHS = NO;
				CLANG_ANALYZER_NONNULL = YES;
				CLANG_ANALYZER_NUMBER_OBJECT_CONVERSION = YES_AGGRESSIVE;
				CLANG_CXX_LANGUAGE_STANDARD = "gnu++20";
				CLANG_ENABLE_MODULES = YES;
				CLANG_ENABLE_OBJC_ARC = YES;
				CLANG_ENABLE_OBJC_WEAK = YES;
				CLANG_WARN_BLOCK_CAPTURE_AUTORELEASING = YES;
				CLANG_WARN_BOOL_CONVERSION = YES;
				CLANG_WARN_COMMA = YES;
				CLANG_WARN_CONSTANT_CONVERSION = YES;
				CLANG_WARN_DEPRECATED_OBJC_IMPLEMENTATIONS = YES;
				CLANG_WARN_DIRECT_OBJC_ISA_USAGE = YES_ERROR;
				CLANG_WARN_DOCUMENTATION_COMMENTS = YES;
				CLANG_WARN_EMPTY_BODY = YES;
				CLANG_WARN_ENUM_CONVERSION = YES;
				CLANG_WARN_INFINITE_RECURSION = YES;
				CLANG_WARN_INT_CONVERSION = YES;
				CLANG_WARN_NON_LITERAL_NULL_CONVERSION = YES;
				CLANG_WARN_OBJC_IMPLICIT_RETAIN_SELF = YES;
				CLANG_WARN_OBJC_LITERAL_CONVERSION = YES;
				CLANG_WARN_OBJC_ROOT_CLASS = YES_ERROR;
				CLANG_WARN_QUOTED_INCLUDE_IN_FRAMEWORK_HEADER = YES;
				CLANG_WARN_RANGE_LOOP_ANALYSIS = YES;
				CLANG_WARN_STRICT_PROTOTYPES = YES;
				CLANG_WARN_SUSPICIOUS_MOVE = YES;
				CLANG_WARN_UNGUARDED_AVAILABILITY = YES_AGGRESSIVE;
				CLANG_WARN_UNREACHABLE_CODE = YES;
				CLANG_WARN__DUPLICATE_METHOD_MATCH = YES;
				COPY_PHASE_STRIP = NO;
				DEBUG_INFORMATION_FORMAT = dwarf;
				ENABLE_STRICT_OBJC_MSGSEND = YES;
				ENABLE_TESTABILITY = YES;
				ENABLE_USER_SCRIPT_SANDBOXING = YES;
				GCC_C_LANGUAGE_STANDARD = gnu11;
				GCC_DYNAMIC_NO_PIC = NO;
				GCC_NO_COMMON_BLOCKS = YES;
				GCC_OPTIMIZATION_LEVEL = 0;
				GCC_PREPROCESSOR_DEFINITIONS = (
					"DEBUG=1",
					"$(inherited)",
				);
				GCC_WARN_64_TO_32_BIT_CONVERSION = YES;
				GCC_WARN_ABOUT_RETURN_TYPE = YES_ERROR;
				GCC_WARN_UNDECLARED_SELECTOR = YES;
				GCC_WARN_UNINITIALIZED_AUTOS = YES_AGGRESSIVE;
				GCC_WARN_UNUSED_FUNCTION = YES;
				GCC_WARN_UNUSED_VARIABLE = YES;
				IPHONEOS_DEPLOYMENT_TARGET = 16.4;
				MTL_ENABLE_DEBUG_INFO = INCLUDE_SOURCE;
				MTL_FAST_MATH = YES;
				ONLY_ACTIVE_ARCH = YES;
				SDKROOT = iphoneos;
				SWIFT_ACTIVE_COMPILATION_CONDITIONS = DEBUG;
				SWIFT_OPTIMIZATION_LEVEL = "-Onone";
			};
			name = Debug;
		};
		57F5CA4C2ACAF3FE0050C73C /* Release */ = {
			isa = XCBuildConfiguration;
			buildSettings = {
				ALWAYS_SEARCH_USER_PATHS = NO;
				CLANG_ANALYZER_NONNULL = YES;
				CLANG_ANALYZER_NUMBER_OBJECT_CONVERSION = YES_AGGRESSIVE;
				CLANG_CXX_LANGUAGE_STANDARD = "gnu++20";
				CLANG_ENABLE_MODULES = YES;
				CLANG_ENABLE_OBJC_ARC = YES;
				CLANG_ENABLE_OBJC_WEAK = YES;
				CLANG_WARN_BLOCK_CAPTURE_AUTORELEASING = YES;
				CLANG_WARN_BOOL_CONVERSION = YES;
				CLANG_WARN_COMMA = YES;
				CLANG_WARN_CONSTANT_CONVERSION = YES;
				CLANG_WARN_DEPRECATED_OBJC_IMPLEMENTATIONS = YES;
				CLANG_WARN_DIRECT_OBJC_ISA_USAGE = YES_ERROR;
				CLANG_WARN_DOCUMENTATION_COMMENTS = YES;
				CLANG_WARN_EMPTY_BODY = YES;
				CLANG_WARN_ENUM_CONVERSION = YES;
				CLANG_WARN_INFINITE_RECURSION = YES;
				CLANG_WARN_INT_CONVERSION = YES;
				CLANG_WARN_NON_LITERAL_NULL_CONVERSION = YES;
				CLANG_WARN_OBJC_IMPLICIT_RETAIN_SELF = YES;
				CLANG_WARN_OBJC_LITERAL_CONVERSION = YES;
				CLANG_WARN_OBJC_ROOT_CLASS = YES_ERROR;
				CLANG_WARN_QUOTED_INCLUDE_IN_FRAMEWORK_HEADER = YES;
				CLANG_WARN_RANGE_LOOP_ANALYSIS = YES;
				CLANG_WARN_STRICT_PROTOTYPES = YES;
				CLANG_WARN_SUSPICIOUS_MOVE = YES;
				CLANG_WARN_UNGUARDED_AVAILABILITY = YES_AGGRESSIVE;
				CLANG_WARN_UNREACHABLE_CODE = YES;
				CLANG_WARN__DUPLICATE_METHOD_MATCH = YES;
				COPY_PHASE_STRIP = NO;
				DEBUG_INFORMATION_FORMAT = "dwarf-with-dsym";
				ENABLE_NS_ASSERTIONS = NO;
				ENABLE_STRICT_OBJC_MSGSEND = YES;
				ENABLE_USER_SCRIPT_SANDBOXING = YES;
				GCC_C_LANGUAGE_STANDARD = gnu11;
				GCC_NO_COMMON_BLOCKS = YES;
				GCC_WARN_64_TO_32_BIT_CONVERSION = YES;
				GCC_WARN_ABOUT_RETURN_TYPE = YES_ERROR;
				GCC_WARN_UNDECLARED_SELECTOR = YES;
				GCC_WARN_UNINITIALIZED_AUTOS = YES_AGGRESSIVE;
				GCC_WARN_UNUSED_FUNCTION = YES;
				GCC_WARN_UNUSED_VARIABLE = YES;
				IPHONEOS_DEPLOYMENT_TARGET = 16.4;
				MTL_ENABLE_DEBUG_INFO = NO;
				MTL_FAST_MATH = YES;
				SDKROOT = iphoneos;
				SWIFT_COMPILATION_MODE = wholemodule;
				SWIFT_OPTIMIZATION_LEVEL = "-O";
				VALIDATE_PRODUCT = YES;
			};
			name = Release;
		};
		57F5CA4E2ACAF3FE0050C73C /* Debug */ = {
			isa = XCBuildConfiguration;
			buildSettings = {
				ASSETCATALOG_COMPILER_APPICON_NAME = AppIcon;
				ASSETCATALOG_COMPILER_GLOBAL_ACCENT_COLOR_NAME = AccentColor;
				CODE_SIGN_STYLE = Automatic;
				CURRENT_PROJECT_VERSION = 1;
				DEVELOPMENT_ASSET_PATHS = "\"SwiftUI-Fundamentals/Preview Content\"";
				DEVELOPMENT_TEAM = 68TV8A4M67;
				ENABLE_PREVIEWS = YES;
				GENERATE_INFOPLIST_FILE = YES;
				INFOPLIST_KEY_UIApplicationSceneManifest_Generation = YES;
				INFOPLIST_KEY_UIApplicationSupportsIndirectInputEvents = YES;
				INFOPLIST_KEY_UILaunchScreen_Generation = YES;
				INFOPLIST_KEY_UISupportedInterfaceOrientations_iPad = "UIInterfaceOrientationPortrait UIInterfaceOrientationPortraitUpsideDown UIInterfaceOrientationLandscapeLeft UIInterfaceOrientationLandscapeRight";
				INFOPLIST_KEY_UISupportedInterfaceOrientations_iPhone = "UIInterfaceOrientationPortrait UIInterfaceOrientationLandscapeLeft UIInterfaceOrientationLandscapeRight";
				LD_RUNPATH_SEARCH_PATHS = (
					"$(inherited)",
					"@executable_path/Frameworks",
				);
				MARKETING_VERSION = 1.0;
				PRODUCT_BUNDLE_IDENTIFIER = "dev.xbow.SwiftUI-Fundamentals";
				PRODUCT_NAME = "$(TARGET_NAME)";
				SWIFT_EMIT_LOC_STRINGS = YES;
				SWIFT_VERSION = 5.0;
				TARGETED_DEVICE_FAMILY = "1,2";
			};
			name = Debug;
		};
		57F5CA4F2ACAF3FE0050C73C /* Release */ = {
			isa = XCBuildConfiguration;
			buildSettings = {
				ASSETCATALOG_COMPILER_APPICON_NAME = AppIcon;
				ASSETCATALOG_COMPILER_GLOBAL_ACCENT_COLOR_NAME = AccentColor;
				CODE_SIGN_STYLE = Automatic;
				CURRENT_PROJECT_VERSION = 1;
				DEVELOPMENT_ASSET_PATHS = "\"SwiftUI-Fundamentals/Preview Content\"";
				DEVELOPMENT_TEAM = 68TV8A4M67;
				ENABLE_PREVIEWS = YES;
				GENERATE_INFOPLIST_FILE = YES;
				INFOPLIST_KEY_UIApplicationSceneManifest_Generation = YES;
				INFOPLIST_KEY_UIApplicationSupportsIndirectInputEvents = YES;
				INFOPLIST_KEY_UILaunchScreen_Generation = YES;
				INFOPLIST_KEY_UISupportedInterfaceOrientations_iPad = "UIInterfaceOrientationPortrait UIInterfaceOrientationPortraitUpsideDown UIInterfaceOrientationLandscapeLeft UIInterfaceOrientationLandscapeRight";
				INFOPLIST_KEY_UISupportedInterfaceOrientations_iPhone = "UIInterfaceOrientationPortrait UIInterfaceOrientationLandscapeLeft UIInterfaceOrientationLandscapeRight";
				LD_RUNPATH_SEARCH_PATHS = (
					"$(inherited)",
					"@executable_path/Frameworks",
				);
				MARKETING_VERSION = 1.0;
				PRODUCT_BUNDLE_IDENTIFIER = "dev.xbow.SwiftUI-Fundamentals";
				PRODUCT_NAME = "$(TARGET_NAME)";
				SWIFT_EMIT_LOC_STRINGS = YES;
				SWIFT_VERSION = 5.0;
				TARGETED_DEVICE_FAMILY = "1,2";
			};
			name = Release;
		};
/* End XCBuildConfiguration section */

/* Begin XCConfigurationList section */
		57F5CA3A2ACAF3FC0050C73C /* Build configuration list for PBXProject "SwiftUI-Fundamentals" */ = {
			isa = XCConfigurationList;
			buildConfigurations = (
				57F5CA4B2ACAF3FE0050C73C /* Debug */,
				57F5CA4C2ACAF3FE0050C73C /* Release */,
			);
			defaultConfigurationIsVisible = 0;
			defaultConfigurationName = Release;
		};
		57F5CA4D2ACAF3FE0050C73C /* Build configuration list for PBXNativeTarget "SwiftUI-Fundamentals" */ = {
			isa = XCConfigurationList;
			buildConfigurations = (
				57F5CA4E2ACAF3FE0050C73C /* Debug */,
				57F5CA4F2ACAF3FE0050C73C /* Release */,
			);
			defaultConfigurationIsVisible = 0;
			defaultConfigurationName = Release;
		};
/* End XCConfigurationList section */
	};
	rootObject = 57F5CA372ACAF3FC0050C73C /* Project object */;
}
